{
  "name": "imperative-declarative",
  "version": "1.0.0",
  "lockfileVersion": 1,
  "requires": true,
  "dependencies": {
    "@7urtle/lambda": {
      "version": "1.4.1",
      "resolved": "https://registry.npmjs.org/@7urtle/lambda/-/lambda-1.4.1.tgz",
      "integrity": "sha512-71Et0B5qfUl6Gpzx3hQgzYWQ2ihZnjYJHIbV0P30OKo/+j/iWT7w58H7lsCU2iZT9DZXcDvAJPL0EmV8n+zXUw=="
    }
  }
}
